
Microsoft Visual Studio Solution File, Format Version 12.00
# Visual Studio 14
VisualStudioVersion = 14.0.25420.1
MinimumVisualStudioVersion = 10.0.40219.1
Project("{FAE04EC0-301F-11D3-BF4B-00C04F79EFBC}") = "Chess", "Chess.csproj", "{DBF8D6BC-F0F6-4D2B-B2B1-A0818622F1DA}"
EndProject
Global
	GlobalSection(SolutionConfigurationPlatforms) = preSolution
		Debug|Any CPU = Debug|Any CPU
		Release|Any CPU = Release|Any CPU
	EndGlobalSection
	GlobalSection(ProjectConfigurationPlatforms) = postSolution
		{DBF8D6BC-F0F6-4D2B-B2B1-A0818622F1DA}.Debug|Any CPU.ActiveCfg = Debug|Any CPU
		{DBF8D6BC-F0F6-4D2B-B2B1-A0818622F1DA}.Debug|Any CPU.Build.0 = Debug|Any CPU
		{DBF8D6BC-F0F6-4D2B-B2B1-A0818622F1DA}.Release|Any CPU.ActiveCfg = Release|Any CPU
		{DBF8D6BC-F0F6-4D2B-B2B1-A0818622F1DA}.Release|Any CPU.Build.0 = Release|Any CPU
	EndGlobalSection
	GlobalSection(SolutionProperties) = preSolution
		HideSolutionNode = FALSE
	EndGlobalSection
	GlobalSection(ExtensibilityGlobals) = postSolution
		SolutionGuid = {CD36846A-3B9B-4C0D-9290-924323E280B9}
	EndGlobalSection
EndGlobal
